{
  "name": "givro-enterprise-pay-link-demo",
  "version": "1.0.0",
  "lockfileVersion": 3,
  "requires": true,
  "packages": {
    "": {
      "name": "givro-enterprise-pay-link-demo",
      "version": "1.0.0",
      "dependencies": {
        "givro-sdk": "file:../.."
      },
      "engines": {
        "node": ">=18"
      }
    },
    "../..": {
      "version": "0.1.0",
      "license": "MIT",
      "devDependencies": {
        "@solana/spl-token": "^0.4.9",
        "@solana/web3.js": "^1.95.8",
        "@vitest/coverage-v8": "^2.0.0",
        "typescript": "^5.6.0",
        "viem": "^2.21.0",
        "vitest": "^2.0.0"
      },
      "engines": {
        "node": ">=18"
      },
      "peerDependencies": {
        "@solana/spl-token": "^0.4.0",
        "@solana/web3.js": "^1.95.0",
        "viem": "^2.0.0"
      }
    },
    "node_modules/givro-sdk": {
      "resolved": "../..",
      "link": true
    }
  }
}
